{
  "nodes": {
    "root": {
      "inputs": {
        "nixpkgs": "nixpkgs",
        "home-manager": "home-manager",
        "zen-browser": "zen-browser"
      }
    },
    "nixpkgs": {
      "locked": {
        "lastModified": 1789149629,
        "narHash": "sha256-H6GwaZzZf+4npqv0tph94w9tZddSjFjmQrVsW0z78uk=",
        "owner": "NixOS",
        "repo": "nixpkgs",
        "rev": "eaad089433ca2bb662274377d33df3d0e51ef28b",
        "type": "github"
      },
      "original": {
        "owner": "NixOS",
        "ref": "nixos-unstable",
        "repo": "nixpkgs",
        "type": "github"
      }
    },
    "home-manager": {
      "inputs": {
        "nixpkgs": [
          "nixpkgs"
        ]
      },
      "locked": {
        "lastModified": 1789352311,
        "narHash": "sha256-E9hlcRNSRQ1vb+UicOusX/ucroGlBAz/pYhCBorLOn4=",
        "owner": "nix-community",
        "repo": "home-manager",
        "rev": "cfcda3f99334c8459fa4cd46cce87502e0b48f0a",
        "type": "github"
      },
      "original": {
        "owner": "nix-community",
        "repo": "home-manager",
        "type": "github"
      }
    },
    "zen-browser": {
      "inputs": {
        "nixpkgs": [
          "nixpkgs"
        ],
        "home-manager": [
          "home-manager"
        ]
      },
      "locked": {
        "lastModified": 1789239533,
        "narHash": "sha256-x6LDRbyl+trEnwrFth2SAdDf8x4SM7DWcjmR2JUxtAg=",
        "owner": "0xc000022070",
        "repo": "zen-browser-flake",
        "rev": "b66d03970382d5185e040110b24ecb7a39df0e80",
        "type": "github"
      },
      "original": {
        "owner": "0xc000022070",
        "repo": "zen-browser-flake",
        "type": "github"
      }
    }
  },
  "root": "root",
  "version": 7
}
